
Microsoft Visual Studio Solution File, Format Version 12.00
# Visual Studio 15
VisualStudioVersion = 15.0.28307.168
MinimumVisualStudioVersion = 10.0.40219.1
Project("{FAE04EC0-301F-11D3-BF4B-00C04F79EFBC}") = "WindowsLib", "WindowsLib.csproj", "{B0AB036F-2146-4D51-A052-117E7DF1F754}"
EndProject
Global
	GlobalSection(SolutionConfigurationPlatforms) = preSolution
		Debug|Any CPU = Debug|Any CPU
		Release|Any CPU = Release|Any CPU
	EndGlobalSection
	GlobalSection(ProjectConfigurationPlatforms) = postSolution
		{B0AB036F-2146-4D51-A052-117E7DF1F754}.Debug|Any CPU.ActiveCfg = Debug|Any CPU
		{B0AB036F-2146-4D51-A052-117E7DF1F754}.Debug|Any CPU.Build.0 = Debug|Any CPU
		{B0AB036F-2146-4D51-A052-117E7DF1F754}.Release|Any CPU.ActiveCfg = Release|Any CPU
		{B0AB036F-2146-4D51-A052-117E7DF1F754}.Release|Any CPU.Build.0 = Release|Any CPU
	EndGlobalSection
	GlobalSection(SolutionProperties) = preSolution
		HideSolutionNode = FALSE
	EndGlobalSection
	GlobalSection(ExtensibilityGlobals) = postSolution
		SolutionGuid = {31EFDCB6-E59A-4268-A46A-650AE6655311}
	EndGlobalSection
EndGlobal
